// !$*UTF8*$!
{
	archiveVersion = 1;
	classes = {
	};
	objectVersion = 50;
	objects = {

/* Begin PBXBuildFile section */
		1883248322C1403B005AA8D3 /* AppDelegate.swift in Sources */ = {isa = PBXBuildFile; fileRef = 1883248222C1403B005AA8D3 /* AppDelegate.swift */; };
		1883248522C1403B005AA8D3 /* ViewController.swift in Sources */ = {isa = PBXBuildFile; fileRef = 1883248422C1403B005AA8D3 /* ViewController.swift */; };
		1883248822C1403B005AA8D3 /* Main.storyboard in Resources */ = {isa = PBXBuildFile; fileRef = 1883248622C1403B005AA8D3 /* Main.storyboard */; };
		1883248B22C1403B005AA8D3 /* ViewFinder.xcdatamodeld in Sources */ = {isa = PBXBuildFile; fileRef = 1883248922C1403B005AA8D3 /* ViewFinder.xcdatamodeld */; };
		1883248D22C1403D005AA8D3 /* Assets.xcassets in Resources */ = {isa = PBXBuildFile; fileRef = 1883248C22C1403D005AA8D3 /* Assets.xcassets */; };
		1883249022C1403D005AA8D3 /* LaunchScreen.storyboard in Resources */ = {isa = PBXBuildFile; fileRef = 1883248E22C1403D005AA8D3 /* LaunchScreen.storyboard */; };
		1883249B22C1403D005AA8D3 /* ViewFinderTests.swift in Sources */ = {isa = PBXBuildFile; fileRef = 1883249A22C1403D005AA8D3 /* ViewFinderTests.swift */; };
		188324A622C1403D005AA8D3 /* ViewFinderUITests.swift in Sources */ = {isa = PBXBuildFile; fileRef = 188324A522C1403D005AA8D3 /* ViewFinderUITests.swift */; };
/* End PBXBuildFile section */

/* Begin PBXContainerItemProxy section */
		1883249722C1403D005AA8D3 /* PBXContainerItemProxy */ = {
			isa = PBXContainerItemProxy;
			containerPortal = 1883247722C1403B005AA8D3 /* Project object */;
			proxyType = 1;
			remoteGlobalIDString = 1883247E22C1403B005AA8D3;
			remoteInfo = ViewFinder;
		};
		188324A222C1403D005AA8D3 /* PBXContainerItemProxy */ = {
			isa = PBXContainerItemProxy;
			containerPortal = 1883247722C1403B005AA8D3 /* Project object */;
			proxyType = 1;
			remoteGlobalIDString = 1883247E22C1403B005AA8D3;
			remoteInfo = ViewFinder;
		};
/* End PBXContainerItemProxy section */

/* Begin PBXFileReference section */
		1883247F22C1403B005AA8D3 /* ViewFinder.app */ = {isa = PBXFileReference; explicitFileType = wrapper.application; includeInIndex = 0; path = ViewFinder.app; sourceTree = BUILT_PRODUCTS_DIR; };
		1883248222C1403B005AA8D3 /* AppDelegate.swift */ = {isa = PBXFileReference; lastKnownFileType = sourcecode.swift; path = AppDelegate.swift; sourceTree = "<group>"; };
		1883248422C1403B005AA8D3 /* ViewController.swift */ = {isa = PBXFileReference; lastKnownFileType = sourcecode.swift; path = ViewController.swift; sourceTree = "<group>"; };
		1883248722C1403B005AA8D3 /* Base */ = {isa = PBXFileReference; lastKnownFileType = file.storyboard; name = Base; path = Base.lproj/Main.storyboard; sourceTree = "<group>"; };
		1883248A22C1403B005AA8D3 /* ViewFinder.xcdatamodel */ = {isa = PBXFileReference; lastKnownFileType = wrapper.xcdatamodel; path = ViewFinder.xcdatamodel; sourceTree = "<group>"; };
		1883248C22C1403D005AA8D3 /* Assets.xcassets */ = {isa = PBXFileReference; lastKnownFileType = folder.assetcatalog; path = Assets.xcassets; sourceTree = "<group>"; };
		1883248F22C1403D005AA8D3 /* Base */ = {isa = PBXFileReference; lastKnownFileType = file.storyboard; name = Base; path = Base.lproj/LaunchScreen.storyboard; sourceTree = "<group>"; };
		1883249122C1403D005AA8D3 /* Info.plist */ = {isa = PBXFileReference; lastKnownFileType = text.plist.xml; path = Info.plist; sourceTree = "<group>"; };
		1883249622C1403D005AA8D3 /* ViewFinderTests.xctest */ = {isa = PBXFileReference; explicitFileType = wrapper.cfbundle; includeInIndex = 0; path = ViewFinderTests.xctest; sourceTree = BUILT_PRODUCTS_DIR; };
		1883249A22C1403D005AA8D3 /* ViewFinderTests.swift */ = {isa = PBXFileReference; lastKnownFileType = sourcecode.swift; path = ViewFinderTests.swift; sourceTree = "<group>"; };
		1883249C22C1403D005AA8D3 /* Info.plist */ = {isa = PBXFileReference; lastKnownFileType = text.plist.xml; path = Info.plist; sourceTree = "<group>"; };
		188324A122C1403D005AA8D3 /* ViewFinderUITests.xctest */ = {isa = PBXFileReference; explicitFileType = wrapper.cfbundle; includeInIndex = 0; path = ViewFinderUITests.xctest; sourceTree = BUILT_PRODUCTS_DIR; };
		188324A522C1403D005AA8D3 /* ViewFinderUITests.swift */ = {isa = PBXFileReference; lastKnownFileType = sourcecode.swift; path = ViewFinderUITests.swift; sourceTree = "<group>"; };
		188324A722C1403D005AA8D3 /* Info.plist */ = {isa = PBXFileReference; lastKnownFileType = text.plist.xml; path = Info.plist; sourceTree = "<group>"; };
/* End PBXFileReference section */

/* Begin PBXFrameworksBuildPhase section */
		1883247C22C1403B005AA8D3 /* Frameworks */ = {
			isa = PBXFrameworksBuildPhase;
			buildActionMask = 2147483647;
			files = (
			);
			runOnlyForDeploymentPostprocessing = 0;
		};
		1883249322C1403D005AA8D3 /* Frameworks */ = {
			isa = PBXFrameworksBuildPhase;
			buildActionMask = 2147483647;
			files = (
			);
			runOnlyForDeploymentPostprocessing = 0;
		};
		1883249E22C1403D005AA8D3 /* Frameworks */ = {
			isa = PBXFrameworksBuildPhase;
			buildActionMask = 2147483647;
			files = (
			);
			runOnlyForDeploymentPostprocessing = 0;
		};
/* End PBXFrameworksBuildPhase section */

/* Begin PBXGroup section */
		1883247622C1403B005AA8D3 = {
			isa = PBXGroup;
			children = (
				1883248122C1403B005AA8D3 /* ViewFinder */,
				1883249922C1403D005AA8D3 /* ViewFinderTests */,
				188324A422C1403D005AA8D3 /* ViewFinderUITests */,
				1883248022C1403B005AA8D3 /* Products */,
			);
			sourceTree = "<group>";
		};
		1883248022C1403B005AA8D3 /* Products */ = {
			isa = PBXGroup;
			children = (
				1883247F22C1403B005AA8D3 /* ViewFinder.app */,
				1883249622C1403D005AA8D3 /* ViewFinderTests.xctest */,
				188324A122C1403D005AA8D3 /* ViewFinderUITests.xctest */,
			);
			name = Products;
			sourceTree = "<group>";
		};
		1883248122C1403B005AA8D3 /* ViewFinder */ = {
			isa = PBXGroup;
			children = (
				1883248222C1403B005AA8D3 /* AppDelegate.swift */,
				1883248422C1403B005AA8D3 /* ViewController.swift */,
				1883248622C1403B005AA8D3 /* Main.storyboard */,
				1883248C22C1403D005AA8D3 /* Assets.xcassets */,
				1883248E22C1403D005AA8D3 /* LaunchScreen.storyboard */,
				1883249122C1403D005AA8D3 /* Info.plist */,
				1883248922C1403B005AA8D3 /* ViewFinder.xcdatamodeld */,
			);
			path = ViewFinder;
			sourceTree = "<group>";
		};
		1883249922C1403D005AA8D3 /* ViewFinderTests */ = {
			isa = PBXGroup;
			children = (
				1883249A22C1403D005AA8D3 /* ViewFinderTests.swift */,
				1883249C22C1403D005AA8D3 /* Info.plist */,
			);
			path = ViewFinderTests;
			sourceTree = "<group>";
		};
		188324A422C1403D005AA8D3 /* ViewFinderUITests */ = {
			isa = PBXGroup;
			children = (
				188324A522C1403D005AA8D3 /* ViewFinderUITests.swift */,
				188324A722C1403D005AA8D3 /* Info.plist */,
			);
			path = ViewFinderUITests;
			sourceTree = "<group>";
		};
/* End PBXGroup section */

/* Begin PBXNativeTarget section */
		1883247E22C1403B005AA8D3 /* ViewFinder */ = {
			isa = PBXNativeTarget;
			buildConfigurationList = 188324AA22C1403D005AA8D3 /* Build configuration list for PBXNativeTarget "ViewFinder" */;
			buildPhases = (
				1883247B22C1403B005AA8D3 /* Sources */,
				1883247C22C1403B005AA8D3 /* Frameworks */,
				1883247D22C1403B005AA8D3 /* Resources */,
			);
			buildRules = (
			);
			dependencies = (
			);
			name = ViewFinder;
			productName = ViewFinder;
			productReference = 1883247F22C1403B005AA8D3 /* ViewFinder.app */;
			productType = "com.apple.product-type.application";
		};
		1883249522C1403D005AA8D3 /* ViewFinderTests */ = {
			isa = PBXNativeTarget;
			buildConfigurationList = 188324AD22C1403D005AA8D3 /* Build configuration list for PBXNativeTarget "ViewFinderTests" */;
			buildPhases = (
				1883249222C1403D005AA8D3 /* Sources */,
				1883249322C1403D005AA8D3 /* Frameworks */,
				1883249422C1403D005AA8D3 /* Resources */,
			);
			buildRules = (
			);
			dependencies = (
				1883249822C1403D005AA8D3 /* PBXTargetDependency */,
			);
			name = ViewFinderTests;
			productName = ViewFinderTests;
			productReference = 1883249622C1403D005AA8D3 /* ViewFinderTests.xctest */;
			productType = "com.apple.product-type.bundle.unit-test";
		};
		188324A022C1403D005AA8D3 /* ViewFinderUITests */ = {
			isa = PBXNativeTarget;
			buildConfigurationList = 188324B022C1403D005AA8D3 /* Build configuration list for PBXNativeTarget "ViewFinderUITests" */;
			buildPhases = (
				1883249D22C1403D005AA8D3 /* Sources */,
				1883249E22C1403D005AA8D3 /* Frameworks */,
				1883249F22C1403D005AA8D3 /* Resources */,
			);
			buildRules = (
			);
			dependencies = (
				188324A322C1403D005AA8D3 /* PBXTargetDependency */,
			);
			name = ViewFinderUITests;
			productName = ViewFinderUITests;
			productReference = 188324A122C1403D005AA8D3 /* ViewFinderUITests.xctest */;
			productType = "com.apple.product-type.bundle.ui-testing";
		};
/* End PBXNativeTarget section */

/* Begin PBXProject section */
		1883247722C1403B005AA8D3 /* Project object */ = {
			isa = PBXProject;
			attributes = {
				LastSwiftUpdateCheck = 1020;
				LastUpgradeCheck = 1020;
				ORGANIZATIONNAME = Apple;
				TargetAttributes = {
					1883247E22C1403B005AA8D3 = {
						CreatedOnToolsVersion = 10.2.1;
					};
					1883249522C1403D005AA8D3 = {
						CreatedOnToolsVersion = 10.2.1;
						TestTargetID = 1883247E22C1403B005AA8D3;
					};
					188324A022C1403D005AA8D3 = {
						CreatedOnToolsVersion = 10.2.1;
						TestTargetID = 1883247E22C1403B005AA8D3;
					};
				};
			};
			buildConfigurationList = 1883247A22C1403B005AA8D3 /* Build configuration list for PBXProject "ViewFinder" */;
			compatibilityVersion = "Xcode 9.3";
			developmentRegion = en;
			hasScannedForEncodings = 0;
			knownRegions = (
				en,
				Base,
			);
			mainGroup = 1883247622C1403B005AA8D3;
			productRefGroup = 1883248022C1403B005AA8D3 /* Products */;
			projectDirPath = "";
			projectRoot = "";
			targets = (
				1883247E22C1403B005AA8D3 /* ViewFinder */,
				1883249522C1403D005AA8D3 /* ViewFinderTests */,
				188324A022C1403D005AA8D3 /* ViewFinderUITests */,
			);
		};
/* End PBXProject section */

/* Begin PBXResourcesBuildPhase section */
		1883247D22C1403B005AA8D3 /* Resources */ = {
			isa = PBXResourcesBuildPhase;
			buildActionMask = 2147483647;
			files = (
				1883249022C1403D005AA8D3 /* LaunchScreen.storyboard in Resources */,
				1883248D22C1403D005AA8D3 /* Assets.xcassets in Resources */,
				1883248822C1403B005AA8D3 /* Main.storyboard in Resources */,
			);
			runOnlyForDeploymentPostprocessing = 0;
		};
		1883249422C1403D005AA8D3 /* Resources */ = {
			isa = PBXResourcesBuildPhase;
			buildActionMask = 2147483647;
			files = (
			);
			runOnlyForDeploymentPostprocessing = 0;
		};
		1883249F22C1403D005AA8D3 /* Resources */ = {
			isa = PBXResourcesBuildPhase;
			buildActionMask = 2147483647;
			files = (
			);
			runOnlyForDeploymentPostprocessing = 0;
		};
/* End PBXResourcesBuildPhase section */

/* Begin PBXSourcesBuildPhase section */
		1883247B22C1403B005AA8D3 /* Sources */ = {
			isa = PBXSourcesBuildPhase;
			buildActionMask = 2147483647;
			files = (
				1883248B22C1403B005AA8D3 /* ViewFinder.xcdatamodeld in Sources */,
				1883248522C1403B005AA8D3 /* ViewController.swift in Sources */,
				1883248322C1403B005AA8D3 /* AppDelegate.swift in Sources */,
			);
			runOnlyForDeploymentPostprocessing = 0;
		};
		1883249222C1403D005AA8D3 /* Sources */ = {
			isa = PBXSourcesBuildPhase;
			buildActionMask = 2147483647;
			files = (
				1883249B22C1403D005AA8D3 /* ViewFinderTests.swift in Sources */,
			);
			runOnlyForDeploymentPostprocessing = 0;
		};
		1883249D22C1403D005AA8D3 /* Sources */ = {
			isa = PBXSourcesBuildPhase;
			buildActionMask = 2147483647;
			files = (
				188324A622C1403D005AA8D3 /* ViewFinderUITests.swift in Sources */,
			);
			runOnlyForDeploymentPostprocessing = 0;
		};
/* End PBXSourcesBuildPhase section */

/* Begin PBXTargetDependency section */
		1883249822C1403D005AA8D3 /* PBXTargetDependency */ = {
			isa = PBXTargetDependency;
			target = 1883247E22C1403B005AA8D3 /* ViewFinder */;
			targetProxy = 1883249722C1403D005AA8D3 /* PBXContainerItemProxy */;
		};
		188324A322C1403D005AA8D3 /* PBXTargetDependency */ = {
			isa = PBXTargetDependency;
			target = 1883247E22C1403B005AA8D3 /* ViewFinder */;
			targetProxy = 188324A222C1403D005AA8D3 /* PBXContainerItemProxy */;
		};
/* End PBXTargetDependency section */

/* Begin PBXVariantGroup section */
		1883248622C1403B005AA8D3 /* Main.storyboard */ = {
			isa = PBXVariantGroup;
			children = (
				1883248722C1403B005AA8D3 /* Base */,
			);
			name = Main.storyboard;
			sourceTree = "<group>";
		};
		1883248E22C1403D005AA8D3 /* LaunchScreen.storyboard */ = {
			isa = PBXVariantGroup;
			children = (
				1883248F22C1403D005AA8D3 /* Base */,
			);
			name = LaunchScreen.storyboard;
			sourceTree = "<group>";
		};
/* End PBXVariantGroup section */

/* Begin XCBuildConfiguration section */
		188324A822C1403D005AA8D3 /* Debug */ = {
			isa = XCBuildConfiguration;
			buildSettings = {
				ALWAYS_SEARCH_USER_PATHS = NO;
				CLANG_ANALYZER_NONNULL = YES;
				CLANG_ANALYZER_NUMBER_OBJECT_CONVERSION = YES_AGGRESSIVE;
				CLANG_CXX_LANGUAGE_STANDARD = "gnu++14";
				CLANG_CXX_LIBRARY = "libc++";
				CLANG_ENABLE_MODULES = YES;
				CLANG_ENABLE_OBJC_ARC = YES;
				CLANG_ENABLE_OBJC_WEAK = YES;
				CLANG_WARN_BLOCK_CAPTURE_AUTORELEASING = YES;
				CLANG_WARN_BOOL_CONVERSION = YES;
				CLANG_WARN_COMMA = YES;
				CLANG_WARN_CONSTANT_CONVERSION = YES;
				CLANG_WARN_DEPRECATED_OBJC_IMPLEMENTATIONS = YES;
				CLANG_WARN_DIRECT_OBJC_ISA_USAGE = YES_ERROR;
				CLANG_WARN_DOCUMENTATION_COMMENTS = YES;
				CLANG_WARN_EMPTY_BODY = YES;
				CLANG_WARN_ENUM_CONVERSION = YES;
				CLANG_WARN_INFINITE_RECURSION = YES;
				CLANG_WARN_INT_CONVERSION = YES;
				CLANG_WARN_NON_LITERAL_NULL_CONVERSION = YES;
				CLANG_WARN_OBJC_IMPLICIT_RETAIN_SELF = YES;
				CLANG_WARN_OBJC_LITERAL_CONVERSION = YES;
				CLANG_WARN_OBJC_ROOT_CLASS = YES_ERROR;
				CLANG_WARN_RANGE_LOOP_ANALYSIS = YES;
				CLANG_WARN_STRICT_PROTOTYPES = YES;
				CLANG_WARN_SUSPICIOUS_MOVE = YES;
				CLANG_WARN_UNGUARDED_AVAILABILITY = YES_AGGRESSIVE;
				CLANG_WARN_UNREACHABLE_CODE = YES;
				CLANG_WARN__DUPLICATE_METHOD_MATCH = YES;
				CODE_SIGN_IDENTITY = "iPhone Developer";
				COPY_PHASE_STRIP = NO;
				DEBUG_INFORMATION_FORMAT = dwarf;
				ENABLE_STRICT_OBJC_MSGSEND = YES;
				ENABLE_TESTABILITY = YES;
				GCC_C_LANGUAGE_STANDARD = gnu11;
				GCC_DYNAMIC_NO_PIC = NO;
				GCC_NO_COMMON_BLOCKS = YES;
				GCC_OPTIMIZATION_LEVEL = 0;
				GCC_PREPROCESSOR_DEFINITIONS = (
					"DEBUG=1",
					"$(inherited)",
				);
				GCC_WARN_64_TO_32_BIT_CONVERSION = YES;
				GCC_WARN_ABOUT_RETURN_TYPE = YES_ERROR;
				GCC_WARN_UNDECLARED_SELECTOR = YES;
				GCC_WARN_UNINITIALIZED_AUTOS = YES_AGGRESSIVE;
				GCC_WARN_UNUSED_FUNCTION = YES;
				GCC_WARN_UNUSED_VARIABLE = YES;
				IPHONEOS_DEPLOYMENT_TARGET = 12.2;
				MTL_ENABLE_DEBUG_INFO = INCLUDE_SOURCE;
				MTL_FAST_MATH = YES;
				ONLY_ACTIVE_ARCH = YES;
				SDKROOT = iphoneos;
				SWIFT_ACTIVE_COMPILATION_CONDITIONS = DEBUG;
				SWIFT_OPTIMIZATION_LEVEL = "-Onone";
			};
			name = Debug;
		};
		188324A922C1403D005AA8D3 /* Release */ = {
			isa = XCBuildConfiguration;
			buildSettings = {
				ALWAYS_SEARCH_USER_PATHS = NO;
				CLANG_ANALYZER_NONNULL = YES;
				CLANG_ANALYZER_NUMBER_OBJECT_CONVERSION = YES_AGGRESSIVE;
				CLANG_CXX_LANGUAGE_STANDARD = "gnu++14";
				CLANG_CXX_LIBRARY = "libc++";
				CLANG_ENABLE_MODULES = YES;
				CLANG_ENABLE_OBJC_ARC = YES;
				CLANG_ENABLE_OBJC_WEAK = YES;
				CLANG_WARN_BLOCK_CAPTURE_AUTORELEASING = YES;
				CLANG_WARN_BOOL_CONVERSION = YES;
				CLANG_WARN_COMMA = YES;
				CLANG_WARN_CONSTANT_CONVERSION = YES;
				CLANG_WARN_DEPRECATED_OBJC_IMPLEMENTATIONS = YES;
				CLANG_WARN_DIRECT_OBJC_ISA_USAGE = YES_ERROR;
				CLANG_WARN_DOCUMENTATION_COMMENTS = YES;
				CLANG_WARN_EMPTY_BODY = YES;
				CLANG_WARN_ENUM_CONVERSION = YES;
				CLANG_WARN_INFINITE_RECURSION = YES;
				CLANG_WARN_INT_CONVERSION = YES;
				CLANG_WARN_NON_LITERAL_NULL_CONVERSION = YES;
				CLANG_WARN_OBJC_IMPLICIT_RETAIN_SELF = YES;
				CLANG_WARN_OBJC_LITERAL_CONVERSION = YES;
				CLANG_WARN_OBJC_ROOT_CLASS = YES_ERROR;
				CLANG_WARN_RANGE_LOOP_ANALYSIS = YES;
				CLANG_WARN_STRICT_PROTOTYPES = YES;
				CLANG_WARN_SUSPICIOUS_MOVE = YES;
				CLANG_WARN_UNGUARDED_AVAILABILITY = YES_AGGRESSIVE;
				CLANG_WARN_UNREACHABLE_CODE = YES;
				CLANG_WARN__DUPLICATE_METHOD_MATCH = YES;
				CODE_SIGN_IDENTITY = "iPhone Developer";
				COPY_PHASE_STRIP = NO;
				DEBUG_INFORMATION_FORMAT = "dwarf-with-dsym";
				ENABLE_NS_ASSERTIONS = NO;
				ENABLE_STRICT_OBJC_MSGSEND = YES;
				GCC_C_LANGUAGE_STANDARD = gnu11;
				GCC_NO_COMMON_BLOCKS = YES;
				GCC_WARN_64_TO_32_BIT_CONVERSION = YES;
				GCC_WARN_ABOUT_RETURN_TYPE = YES_ERROR;
				GCC_WARN_UNDECLARED_SELECTOR = YES;
				GCC_WARN_UNINITIALIZED_AUTOS = YES_AGGRESSIVE;
				GCC_WARN_UNUSED_FUNCTION = YES;
				GCC_WARN_UNUSED_VARIABLE = YES;
				IPHONEOS_DEPLOYMENT_TARGET = 12.2;
				MTL_ENABLE_DEBUG_INFO = NO;
				MTL_FAST_MATH = YES;
				SDKROOT = iphoneos;
				SWIFT_COMPILATION_MODE = wholemodule;
				SWIFT_OPTIMIZATION_LEVEL = "-O";
				VALIDATE_PRODUCT = YES;
			};
			name = Release;
		};
		188324AB22C1403D005AA8D3 /* Debug */ = {
			isa = XCBuildConfiguration;
			buildSettings = {
				ASSETCATALOG_COMPILER_APPICON_NAME = AppIcon;
				CODE_SIGN_STYLE = Automatic;
				INFOPLIST_FILE = ViewFinder/Info.plist;
				LD_RUNPATH_SEARCH_PATHS = (
					"$(inherited)",
					"@executable_path/Frameworks",
				);
				PRODUCT_BUNDLE_IDENTIFIER = "jamie-shlikas.ViewFinder";
				PRODUCT_NAME = "$(TARGET_NAME)";
				SWIFT_VERSION = 5.0;
				TARGETED_DEVICE_FAMILY = "1,2";
			};
			name = Debug;
		};
		188324AC22C1403D005AA8D3 /* Release */ = {
			isa = XCBuildConfiguration;
			buildSettings = {
				ASSETCATALOG_COMPILER_APPICON_NAME = AppIcon;
				CODE_SIGN_STYLE = Automatic;
				INFOPLIST_FILE = ViewFinder/Info.plist;
				LD_RUNPATH_SEARCH_PATHS = (
					"$(inherited)",
					"@executable_path/Frameworks",
				);
				PRODUCT_BUNDLE_IDENTIFIER = "jamie-shlikas.ViewFinder";
				PRODUCT_NAME = "$(TARGET_NAME)";
				SWIFT_VERSION = 5.0;
				TARGETED_DEVICE_FAMILY = "1,2";
			};
			name = Release;
		};
		188324AE22C1403D005AA8D3 /* Debug */ = {
			isa = XCBuildConfiguration;
			buildSettings = {
				ALWAYS_EMBED_SWIFT_STANDARD_LIBRARIES = YES;
				BUNDLE_LOADER = "$(TEST_HOST)";
				CODE_SIGN_STYLE = Automatic;
				INFOPLIST_FILE = ViewFinderTests/Info.plist;
				LD_RUNPATH_SEARCH_PATHS = (
					"$(inherited)",
					"@executable_path/Frameworks",
					"@loader_path/Frameworks",
				);
				PRODUCT_BUNDLE_IDENTIFIER = "jamie-shlikas.ViewFinderTests";
				PRODUCT_NAME = "$(TARGET_NAME)";
				SWIFT_VERSION = 5.0;
				TARGETED_DEVICE_FAMILY = "1,2";
				TEST_HOST = "$(BUILT_PRODUCTS_DIR)/ViewFinder.app/ViewFinder";
			};
			name = Debug;
		};
		188324AF22C1403D005AA8D3 /* Release */ = {
			isa = XCBuildConfiguration;
			buildSettings = {
				ALWAYS_EMBED_SWIFT_STANDARD_LIBRARIES = YES;
				BUNDLE_LOADER = "$(TEST_HOST)";
				CODE_SIGN_STYLE = Automatic;
				INFOPLIST_FILE = ViewFinderTests/Info.plist;
				LD_RUNPATH_SEARCH_PATHS = (
					"$(inherited)",
					"@executable_path/Frameworks",
					"@loader_path/Frameworks",
				);
				PRODUCT_BUNDLE_IDENTIFIER = "jamie-shlikas.ViewFinderTests";
				PRODUCT_NAME = "$(TARGET_NAME)";
				SWIFT_VERSION = 5.0;
				TARGETED_DEVICE_FAMILY = "1,2";
				TEST_HOST = "$(BUILT_PRODUCTS_DIR)/ViewFinder.app/ViewFinder";
			};
			name = Release;
		};
		188324B122C1403D005AA8D3 /* Debug */ = {
			isa = XCBuildConfiguration;
			buildSettings = {
				ALWAYS_EMBED_SWIFT_STANDARD_LIBRARIES = YES;
				CODE_SIGN_STYLE = Automatic;
				INFOPLIST_FILE = ViewFinderUITests/Info.plist;
				LD_RUNPATH_SEARCH_PATHS = (
					"$(inherited)",
					"@executable_path/Frameworks",
					"@loader_path/Frameworks",
				);
				PRODUCT_BUNDLE_IDENTIFIER = "jamie-shlikas.ViewFinderUITests";
				PRODUCT_NAME = "$(TARGET_NAME)";
				SWIFT_VERSION = 5.0;
				TARGETED_DEVICE_FAMILY = "1,2";
				TEST_TARGET_NAME = ViewFinder;
			};
			name = Debug;
		};
		188324B222C1403D005AA8D3 /* Release */ = {
			isa = XCBuildConfiguration;
			buildSettings = {
				ALWAYS_EMBED_SWIFT_STANDARD_LIBRARIES = YES;
				CODE_SIGN_STYLE = Automatic;
				INFOPLIST_FILE = ViewFinderUITests/Info.plist;
				LD_RUNPATH_SEARCH_PATHS = (
					"$(inherited)",
					"@executable_path/Frameworks",
					"@loader_path/Frameworks",
				);
				PRODUCT_BUNDLE_IDENTIFIER = "jamie-shlikas.ViewFinderUITests";
				PRODUCT_NAME = "$(TARGET_NAME)";
				SWIFT_VERSION = 5.0;
				TARGETED_DEVICE_FAMILY = "1,2";
				TEST_TARGET_NAME = ViewFinder;
			};
			name = Release;
		};
/* End XCBuildConfiguration section */

/* Begin XCConfigurationList section */
		1883247A22C1403B005AA8D3 /* Build configuration list for PBXProject "ViewFinder" */ = {
			isa = XCConfigurationList;
			buildConfigurations = (
				188324A822C1403D005AA8D3 /* Debug */,
				188324A922C1403D005AA8D3 /* Release */,
			);
			defaultConfigurationIsVisible = 0;
			defaultConfigurationName = Release;
		};
		188324AA22C1403D005AA8D3 /* Build configuration list for PBXNativeTarget "ViewFinder" */ = {
			isa = XCConfigurationList;
			buildConfigurations = (
				188324AB22C1403D005AA8D3 /* Debug */,
				188324AC22C1403D005AA8D3 /* Release */,
			);
			defaultConfigurationIsVisible = 0;
			defaultConfigurationName = Release;
		};
		188324AD22C1403D005AA8D3 /* Build configuration list for PBXNativeTarget "ViewFinderTests" */ = {
			isa = XCConfigurationList;
			buildConfigurations = (
				188324AE22C1403D005AA8D3 /* Debug */,
				188324AF22C1403D005AA8D3 /* Release */,
			);
			defaultConfigurationIsVisible = 0;
			defaultConfigurationName = Release;
		};
		188324B022C1403D005AA8D3 /* Build configuration list for PBXNativeTarget "ViewFinderUITests" */ = {
			isa = XCConfigurationList;
			buildConfigurations = (
				188324B122C1403D005AA8D3 /* Debug */,
				188324B222C1403D005AA8D3 /* Release */,
			);
			defaultConfigurationIsVisible = 0;
			defaultConfigurationName = Release;
		};
/* End XCConfigurationList section */

/* Begin XCVersionGroup section */
		1883248922C1403B005AA8D3 /* ViewFinder.xcdatamodeld */ = {
			isa = XCVersionGroup;
			children = (
				1883248A22C1403B005AA8D3 /* ViewFinder.xcdatamodel */,
			);
			currentVersion = 1883248A22C1403B005AA8D3 /* ViewFinder.xcdatamodel */;
			path = ViewFinder.xcdatamodeld;
			sourceTree = "<group>";
			versionGroupType = wrapper.xcdatamodel;
		};
/* End XCVersionGroup section */
	};
	rootObject = 1883247722C1403B005AA8D3 /* Project object */;
}
